
Microsoft Visual Studio Solution File, Format Version 12.00
# Visual Studio Version 17
VisualStudioVersion = 17.8.34511.84
MinimumVisualStudioVersion = 10.0.40219.1
Project("{FAE04EC0-301F-11D3-BF4B-00C04F79EFBC}") = "TV Shows Now", "TV Shows Now.csproj", "{6B4434A9-154E-4A99-B7C3-72B5982D378C}"
EndProject
Global
	GlobalSection(SolutionConfigurationPlatforms) = preSolution
		Debug|Any CPU = Debug|Any CPU
		Release|Any CPU = Release|Any CPU
	EndGlobalSection
	GlobalSection(ProjectConfigurationPlatforms) = postSolution
		{6B4434A9-154E-4A99-B7C3-72B5982D378C}.Debug|Any CPU.ActiveCfg = Debug|Any CPU
		{6B4434A9-154E-4A99-B7C3-72B5982D378C}.Debug|Any CPU.Build.0 = Debug|Any CPU
		{6B4434A9-154E-4A99-B7C3-72B5982D378C}.Release|Any CPU.ActiveCfg = Release|Any CPU
		{6B4434A9-154E-4A99-B7C3-72B5982D378C}.Release|Any CPU.Build.0 = Release|Any CPU
	EndGlobalSection
	GlobalSection(SolutionProperties) = preSolution
		HideSolutionNode = FALSE
	EndGlobalSection
	GlobalSection(ExtensibilityGlobals) = postSolution
		SolutionGuid = {F4829B1F-FC10-41D8-961B-6747401619EC}
	EndGlobalSection
EndGlobal
